
Microsoft Visual Studio Solution File, Format Version 12.00
# Visual Studio Version 16
VisualStudioVersion = 16.0.31321.278
MinimumVisualStudioVersion = 10.0.40219.1
Project("{2150E333-8FDC-42A3-9474-1A3956D46DE8}") = "Presentation", "Presentation", "{19D6DC20-A3D8-4499-9CC6-8DF0B9F92D00}"
EndProject
Project("{2150E333-8FDC-42A3-9474-1A3956D46DE8}") = "Infrastructure", "Infrastructure", "{CCD92E57-D314-46F8-9DB8-8BE1531A81DD}"
EndProject
Project("{2150E333-8FDC-42A3-9474-1A3956D46DE8}") = "Domain", "Domain", "{010EF108-ED64-4200-8C01-AF7B5D935018}"
EndProject
Project("{2150E333-8FDC-42A3-9474-1A3956D46DE8}") = "Distributed Service", "Distributed Service", "{0001FC78-4CF0-4857-B9D5-AB957C7A66E9}"
EndProject
Project("{2150E333-8FDC-42A3-9474-1A3956D46DE8}") = "Web", "Web", "{26B6D1CA-CE5D-495B-899D-894A96BCCFAF}"
EndProject
Project("{9A19103F-16F7-4668-BE54-9A1E7A4F7556}") = "MyE.API", "API\MyE.API.csproj", "{05E1EC26-F670-4180-9FD2-F12321C9AF9F}"
EndProject
Project("{9A19103F-16F7-4668-BE54-9A1E7A4F7556}") = "MyE.Web", "MyE.Web\MyE.Web.csproj", "{ED03C83E-8C24-4217-B7E6-9FEC124754C4}"
EndProject
Project("{9A19103F-16F7-4668-BE54-9A1E7A4F7556}") = "Domain.Entities", "Domain.Entities\Domain.Entities.csproj", "{7C5AE725-11F2-434B-BE23-93E4D03F5FBB}"
EndProject
Project("{9A19103F-16F7-4668-BE54-9A1E7A4F7556}") = "Infrastructure.Data", "Infraestructure.Data\Infrastructure.Data.csproj", "{C97DE1C5-24D9-4041-9A65-87CE23E9DD83}"
EndProject
Project("{9A19103F-16F7-4668-BE54-9A1E7A4F7556}") = "DistributedServices.DTO", "DistributedServices.DTO\DistributedServices.DTO.csproj", "{B65B2C5E-76E4-4E9E-8190-FA080C2D7FEE}"
EndProject
Project("{2150E333-8FDC-42A3-9474-1A3956D46DE8}") = "Business", "Business", "{40BA7515-75FE-4CF9-9F69-3402D1FA720D}"
EndProject
Project("{9A19103F-16F7-4668-BE54-9A1E7A4F7556}") = "Business.MainModule", "Business.MainModule\Business.MainModule.csproj", "{ABD724C6-686E-4FD5-AB1B-E44AD25FE8B3}"
EndProject
Project("{9A19103F-16F7-4668-BE54-9A1E7A4F7556}") = "Business.DTO", "Business.DTO\Business.DTO.csproj", "{D162D08D-1204-4EAB-8D6F-FB536C1081B7}"
EndProject
Project("{9A19103F-16F7-4668-BE54-9A1E7A4F7556}") = "Business.Helpers", "Business.Helpers\Business.Helpers.csproj", "{E462D364-C10E-4045-AE31-86F76C0B6881}"
EndProject
Project("{9A19103F-16F7-4668-BE54-9A1E7A4F7556}") = "Business.Constants", "Business.Constants\Business.Constants.csproj", "{45A09F8B-51FF-4A8B-9D88-FAE1476C3AD5}"
EndProject
Project("{2150E333-8FDC-42A3-9474-1A3956D46DE8}") = "Testing", "Testing", "{8175D3B7-44B2-4F67-8F06-956E0AEC1882}"
EndProject
Project("{FAE04EC0-301F-11D3-BF4B-00C04F79EFBC}") = "Testing", "Testing\Testing.csproj", "{56900204-75FE-4F53-92D2-4EB37163CC0F}"
EndProject
Global
	GlobalSection(SolutionConfigurationPlatforms) = preSolution
		Debug|Any CPU = Debug|Any CPU
		Release|Any CPU = Release|Any CPU
	EndGlobalSection
	GlobalSection(ProjectConfigurationPlatforms) = postSolution
		{05E1EC26-F670-4180-9FD2-F12321C9AF9F}.Debug|Any CPU.ActiveCfg = Debug|Any CPU
		{05E1EC26-F670-4180-9FD2-F12321C9AF9F}.Debug|Any CPU.Build.0 = Debug|Any CPU
		{05E1EC26-F670-4180-9FD2-F12321C9AF9F}.Release|Any CPU.ActiveCfg = Release|Any CPU
		{05E1EC26-F670-4180-9FD2-F12321C9AF9F}.Release|Any CPU.Build.0 = Release|Any CPU
		{ED03C83E-8C24-4217-B7E6-9FEC124754C4}.Debug|Any CPU.ActiveCfg = Debug|Any CPU
		{ED03C83E-8C24-4217-B7E6-9FEC124754C4}.Debug|Any CPU.Build.0 = Debug|Any CPU
		{ED03C83E-8C24-4217-B7E6-9FEC124754C4}.Release|Any CPU.ActiveCfg = Release|Any CPU
		{ED03C83E-8C24-4217-B7E6-9FEC124754C4}.Release|Any CPU.Build.0 = Release|Any CPU
		{7C5AE725-11F2-434B-BE23-93E4D03F5FBB}.Debug|Any CPU.ActiveCfg = Debug|Any CPU
		{7C5AE725-11F2-434B-BE23-93E4D03F5FBB}.Debug|Any CPU.Build.0 = Debug|Any CPU
		{7C5AE725-11F2-434B-BE23-93E4D03F5FBB}.Release|Any CPU.ActiveCfg = Release|Any CPU
		{7C5AE725-11F2-434B-BE23-93E4D03F5FBB}.Release|Any CPU.Build.0 = Release|Any CPU
		{C97DE1C5-24D9-4041-9A65-87CE23E9DD83}.Debug|Any CPU.ActiveCfg = Debug|Any CPU
		{C97DE1C5-24D9-4041-9A65-87CE23E9DD83}.Debug|Any CPU.Build.0 = Debug|Any CPU
		{C97DE1C5-24D9-4041-9A65-87CE23E9DD83}.Release|Any CPU.ActiveCfg = Release|Any CPU
		{C97DE1C5-24D9-4041-9A65-87CE23E9DD83}.Release|Any CPU.Build.0 = Release|Any CPU
		{B65B2C5E-76E4-4E9E-8190-FA080C2D7FEE}.Debug|Any CPU.ActiveCfg = Debug|Any CPU
		{B65B2C5E-76E4-4E9E-8190-FA080C2D7FEE}.Debug|Any CPU.Build.0 = Debug|Any CPU
		{B65B2C5E-76E4-4E9E-8190-FA080C2D7FEE}.Release|Any CPU.ActiveCfg = Release|Any CPU
		{B65B2C5E-76E4-4E9E-8190-FA080C2D7FEE}.Release|Any CPU.Build.0 = Release|Any CPU
		{ABD724C6-686E-4FD5-AB1B-E44AD25FE8B3}.Debug|Any CPU.ActiveCfg = Debug|Any CPU
		{ABD724C6-686E-4FD5-AB1B-E44AD25FE8B3}.Debug|Any CPU.Build.0 = Debug|Any CPU
		{ABD724C6-686E-4FD5-AB1B-E44AD25FE8B3}.Release|Any CPU.ActiveCfg = Release|Any CPU
		{ABD724C6-686E-4FD5-AB1B-E44AD25FE8B3}.Release|Any CPU.Build.0 = Release|Any CPU
		{D162D08D-1204-4EAB-8D6F-FB536C1081B7}.Debug|Any CPU.ActiveCfg = Debug|Any CPU
		{D162D08D-1204-4EAB-8D6F-FB536C1081B7}.Debug|Any CPU.Build.0 = Debug|Any CPU
		{D162D08D-1204-4EAB-8D6F-FB536C1081B7}.Release|Any CPU.ActiveCfg = Release|Any CPU
		{D162D08D-1204-4EAB-8D6F-FB536C1081B7}.Release|Any CPU.Build.0 = Release|Any CPU
		{E462D364-C10E-4045-AE31-86F76C0B6881}.Debug|Any CPU.ActiveCfg = Debug|Any CPU
		{E462D364-C10E-4045-AE31-86F76C0B6881}.Debug|Any CPU.Build.0 = Debug|Any CPU
		{E462D364-C10E-4045-AE31-86F76C0B6881}.Release|Any CPU.ActiveCfg = Release|Any CPU
		{E462D364-C10E-4045-AE31-86F76C0B6881}.Release|Any CPU.Build.0 = Release|Any CPU
		{45A09F8B-51FF-4A8B-9D88-FAE1476C3AD5}.Debug|Any CPU.ActiveCfg = Debug|Any CPU
		{45A09F8B-51FF-4A8B-9D88-FAE1476C3AD5}.Debug|Any CPU.Build.0 = Debug|Any CPU
		{45A09F8B-51FF-4A8B-9D88-FAE1476C3AD5}.Release|Any CPU.ActiveCfg = Release|Any CPU
		{45A09F8B-51FF-4A8B-9D88-FAE1476C3AD5}.Release|Any CPU.Build.0 = Release|Any CPU
		{56900204-75FE-4F53-92D2-4EB37163CC0F}.Debug|Any CPU.ActiveCfg = Debug|Any CPU
		{56900204-75FE-4F53-92D2-4EB37163CC0F}.Debug|Any CPU.Build.0 = Debug|Any CPU
		{56900204-75FE-4F53-92D2-4EB37163CC0F}.Release|Any CPU.ActiveCfg = Release|Any CPU
		{56900204-75FE-4F53-92D2-4EB37163CC0F}.Release|Any CPU.Build.0 = Release|Any CPU
	EndGlobalSection
	GlobalSection(SolutionProperties) = preSolution
		HideSolutionNode = FALSE
	EndGlobalSection
	GlobalSection(NestedProjects) = preSolution
		{26B6D1CA-CE5D-495B-899D-894A96BCCFAF} = {19D6DC20-A3D8-4499-9CC6-8DF0B9F92D00}
		{05E1EC26-F670-4180-9FD2-F12321C9AF9F} = {0001FC78-4CF0-4857-B9D5-AB957C7A66E9}
		{ED03C83E-8C24-4217-B7E6-9FEC124754C4} = {26B6D1CA-CE5D-495B-899D-894A96BCCFAF}
		{7C5AE725-11F2-434B-BE23-93E4D03F5FBB} = {010EF108-ED64-4200-8C01-AF7B5D935018}
		{C97DE1C5-24D9-4041-9A65-87CE23E9DD83} = {CCD92E57-D314-46F8-9DB8-8BE1531A81DD}
		{B65B2C5E-76E4-4E9E-8190-FA080C2D7FEE} = {0001FC78-4CF0-4857-B9D5-AB957C7A66E9}
		{ABD724C6-686E-4FD5-AB1B-E44AD25FE8B3} = {40BA7515-75FE-4CF9-9F69-3402D1FA720D}
		{D162D08D-1204-4EAB-8D6F-FB536C1081B7} = {40BA7515-75FE-4CF9-9F69-3402D1FA720D}
		{E462D364-C10E-4045-AE31-86F76C0B6881} = {40BA7515-75FE-4CF9-9F69-3402D1FA720D}
		{45A09F8B-51FF-4A8B-9D88-FAE1476C3AD5} = {40BA7515-75FE-4CF9-9F69-3402D1FA720D}
		{56900204-75FE-4F53-92D2-4EB37163CC0F} = {8175D3B7-44B2-4F67-8F06-956E0AEC1882}
	EndGlobalSection
	GlobalSection(ExtensibilityGlobals) = postSolution
		SolutionGuid = {ED0A71AB-AF59-45DF-9BD1-DC18DDB5F1D0}
	EndGlobalSection
EndGlobal
